github.com/Azure/azure-sdk-for-go/sdk/azcore v1.9.2 h1:c4k2FIYIh4xtwqrQwV0Ct1v5+ehlNXj5NI/MWVsiTkQ=
github.com/Azure/azure-sdk-for-go/sdk/azcore v1.9.2/go.mod h1:5FDJtLEO/GxwNgUxbwrY3LP0pEoThTQJtk2oysdXHxM=
github.com/Azure/azure-sdk-for-go/sdk/data/azappconfig v1.1.0 h1:AdaGDU3FgoUC2tsd3vsd9JblRrpFLUsS38yh1eLYfwM=
github.com/Azure/azure-sdk-for-go/sdk/data/azappconfig v1.1.0/go.mod h1:6tpINME7dnF7bLlb8Ubj6FtM9CFZrCn7aT02pcYrklM=
github.com/Azure/azure-sdk-for-go/sdk/internal v1.5.2 h1:LqbJ/WzJUwBf8UiaSzgX7aMclParm9/5Vgp+TY51uBQ=
github.com/Azure/azure-sdk-for-go/sdk/internal v1.5.2/go.mod h1:yInRyqWXAuaPrgI7p70+lDDgh3mlBohis29jGMISnmc=
github.com/Azure/azure-sdk-for-go/sdk/messaging/azeventhubs v1.1.0 h1:vEe09cdSBy7evqoVUvuitnsjyozsSzI4TbGgwu01+TI=
github.com/Azure/azure-sdk-for-go/sdk/messaging/azeventhubs v1.1.0/go.mod h1:PgOlzIlvwIagKI8N6hCsfFDpAijHCmlHqOwA5GsSh9w=
github.com/Azure/azure-sdk-for-go/sdk/storage/azblob v1.3.0 h1:IfFdxTUDiV58iZqPKgyWiz4X4fCxZeQ1pTQPImLYXpY=
github.com/Azure/azure-sdk-for-go/sdk/storage/azblob v1.3.0/go.mod h1:SUZc9YRRHfx2+FAQKNDGrssXehqLpxmwRv2mC/5ntj4=
github.com/Azure/azure-sdk-for-go/sdk/storage/azblob v1.3.1 h1:fXPMAmuh0gDuRDey0atC8cXBuKIlqCzCkL8sm1n9Ov0=
github.com/Azure/azure-sdk-for-go/sdk/storage/azblob v1.3.1/go.mod h1:SUZc9YRRHfx2+FAQKNDGrssXehqLpxmwRv2mC/5ntj4=
github.com/Azure/go-amqp v1.0.5 h1:po5+ljlcNSU8xtapHTe8gIc8yHxCzC03E8afH2g1ftU=
github.com/Azure/go-amqp v1.0.5/go.mod h1:vZAogwdrkbyK3Mla8m/CxSc/aKdnTZ4IbPxl51Y5WZE=
golang.org/x/net v0.21.0 h1:AQyQV4dYCvJ7vGmJyKki9+PBdyvhkSd8EIx/qb0AYv4=
golang.org/x/net v0.21.0/go.mod h1:bIjVDfnllIU7BJ2DNgfnXvpSvtn8VRwhlsaeUTyUS44=
golang.org/x/text v0.14.0 h1:ScX5w1eTa3QqT8oi6+ziP7dTV1S2+ALU0bI+0zXKWiQ=
golang.org/x/text v0.14.0/go.mod h1:18ZOQIKpY8NJVqYksKHtTdi31H5itFRjB5/qKTNYzSU=
